
Microsoft Visual Studio Solution File, Format Version 12.00
# Visual Studio 2012
Project("{FAE04EC0-301F-11D3-BF4B-00C04F79EFBC}") = "eBulletinBoard", "eBulletinBoard\eBulletinBoard.csproj", "{CF6C21AD-EA15-4AB6-BD6F-569CBECFBBF3}"
EndProject
Global
	GlobalSection(SolutionConfigurationPlatforms) = preSolution
		Debug|Any CPU = Debug|Any CPU
		Release|Any CPU = Release|Any CPU
	EndGlobalSection
	GlobalSection(ProjectConfigurationPlatforms) = postSolution
		{CF6C21AD-EA15-4AB6-BD6F-569CBECFBBF3}.Debug|Any CPU.ActiveCfg = Debug|Any CPU
		{CF6C21AD-EA15-4AB6-BD6F-569CBECFBBF3}.Debug|Any CPU.Build.0 = Debug|Any CPU
		{CF6C21AD-EA15-4AB6-BD6F-569CBECFBBF3}.Release|Any CPU.ActiveCfg = Release|Any CPU
		{CF6C21AD-EA15-4AB6-BD6F-569CBECFBBF3}.Release|Any CPU.Build.0 = Release|Any CPU
	EndGlobalSection
	GlobalSection(SolutionProperties) = preSolution
		HideSolutionNode = FALSE
	EndGlobalSection
EndGlobal
